
Microsoft Visual Studio Solution File, Format Version 12.00
# Visual Studio Version 17
VisualStudioVersion = 17.11.35327.3
MinimumVisualStudioVersion = 10.0.40219.1
Project("{8BC9CEB8-8B4A-11D0-8D11-00A0C91BC942}") = "Program", "Program.vcxproj", "{801B706F-9A3B-4795-873C-8645FAE44484}"
EndProject
Project("{8BC9CEB8-8B4A-11D0-8D11-00A0C91BC942}") = "Class1th (Stream)", "..\Class1th (Stream)\Class1th (Stream).vcxproj", "{2A532D97-7AB1-4651-84A2-D7CC29C08D5A}"
EndProject
Project("{8BC9CEB8-8B4A-11D0-8D11-00A0C91BC942}") = "Class2th (Class)", "..\Class2th (Class)\Class2th (Class).vcxproj", "{9AD2AAD6-97AF-41BB-AB84-894A8EB1F9CB}"
EndProject
Project("{8BC9CEB8-8B4A-11D0-8D11-00A0C91BC942}") = "Class3th (Constructor & Destructor", "..\Class3th (Constructor & Destructor\Class3th (Constructor & Destructor.vcxproj", "{99BB7603-A474-4889-A7C6-87150235B444}"
EndProject
Project("{8BC9CEB8-8B4A-11D0-8D11-00A0C91BC942}") = "Class4th (Shallow Copy & Deep Copy)", "..\Class4th (Shallow Copy & Deep Copy)\Class4th (Shallow Copy & Deep Copy).vcxproj", "{D96999C2-3274-497C-A8C7-481F354C6FB4}"
EndProject
Project("{8BC9CEB8-8B4A-11D0-8D11-00A0C91BC942}") = "Class5th (Inherltance)", "..\Class5th (Inherltance)\Class5th (Inherltance).vcxproj", "{292F9048-96F8-45C1-B50B-26CBBB1D8EEA}"
EndProject
Project("{8BC9CEB8-8B4A-11D0-8D11-00A0C91BC942}") = "Class6th (Polymorphism)", "..\Class6th (Polymorphism)\Class6th (Polymorphism).vcxproj", "{BBA0AD9F-9114-474D-B798-05881AB81D79}"
EndProject
Project("{8BC9CEB8-8B4A-11D0-8D11-00A0C91BC942}") = "Class7th (Vlrtual Function)", "..\Class7th (Vlrtual Function)\Class7th (Vlrtual Function).vcxproj", "{CD3A1DF6-D6B8-45E3-AD4E-F8F77C7BF1D0}"
EndProject
Global
	GlobalSection(SolutionConfigurationPlatforms) = preSolution
		Debug|x64 = Debug|x64
		Debug|x86 = Debug|x86
		Release|x64 = Release|x64
		Release|x86 = Release|x86
	EndGlobalSection
	GlobalSection(ProjectConfigurationPlatforms) = postSolution
		{801B706F-9A3B-4795-873C-8645FAE44484}.Debug|x64.ActiveCfg = Debug|x64
		{801B706F-9A3B-4795-873C-8645FAE44484}.Debug|x64.Build.0 = Debug|x64
		{801B706F-9A3B-4795-873C-8645FAE44484}.Debug|x86.ActiveCfg = Debug|Win32
		{801B706F-9A3B-4795-873C-8645FAE44484}.Debug|x86.Build.0 = Debug|Win32
		{801B706F-9A3B-4795-873C-8645FAE44484}.Release|x64.ActiveCfg = Release|x64
		{801B706F-9A3B-4795-873C-8645FAE44484}.Release|x64.Build.0 = Release|x64
		{801B706F-9A3B-4795-873C-8645FAE44484}.Release|x86.ActiveCfg = Release|Win32
		{801B706F-9A3B-4795-873C-8645FAE44484}.Release|x86.Build.0 = Release|Win32
		{2A532D97-7AB1-4651-84A2-D7CC29C08D5A}.Debug|x64.ActiveCfg = Debug|x64
		{2A532D97-7AB1-4651-84A2-D7CC29C08D5A}.Debug|x64.Build.0 = Debug|x64
		{2A532D97-7AB1-4651-84A2-D7CC29C08D5A}.Debug|x86.ActiveCfg = Debug|Win32
		{2A532D97-7AB1-4651-84A2-D7CC29C08D5A}.Debug|x86.Build.0 = Debug|Win32
		{2A532D97-7AB1-4651-84A2-D7CC29C08D5A}.Release|x64.ActiveCfg = Release|x64
		{2A532D97-7AB1-4651-84A2-D7CC29C08D5A}.Release|x64.Build.0 = Release|x64
		{2A532D97-7AB1-4651-84A2-D7CC29C08D5A}.Release|x86.ActiveCfg = Release|Win32
		{2A532D97-7AB1-4651-84A2-D7CC29C08D5A}.Release|x86.Build.0 = Release|Win32
		{9AD2AAD6-97AF-41BB-AB84-894A8EB1F9CB}.Debug|x64.ActiveCfg = Debug|x64
		{9AD2AAD6-97AF-41BB-AB84-894A8EB1F9CB}.Debug|x64.Build.0 = Debug|x64
		{9AD2AAD6-97AF-41BB-AB84-894A8EB1F9CB}.Debug|x86.ActiveCfg = Debug|Win32
		{9AD2AAD6-97AF-41BB-AB84-894A8EB1F9CB}.Debug|x86.Build.0 = Debug|Win32
		{9AD2AAD6-97AF-41BB-AB84-894A8EB1F9CB}.Release|x64.ActiveCfg = Release|x64
		{9AD2AAD6-97AF-41BB-AB84-894A8EB1F9CB}.Release|x64.Build.0 = Release|x64
		{9AD2AAD6-97AF-41BB-AB84-894A8EB1F9CB}.Release|x86.ActiveCfg = Release|Win32
		{9AD2AAD6-97AF-41BB-AB84-894A8EB1F9CB}.Release|x86.Build.0 = Release|Win32
		{99BB7603-A474-4889-A7C6-87150235B444}.Debug|x64.ActiveCfg = Debug|x64
		{99BB7603-A474-4889-A7C6-87150235B444}.Debug|x64.Build.0 = Debug|x64
		{99BB7603-A474-4889-A7C6-87150235B444}.Debug|x86.ActiveCfg = Debug|Win32
		{99BB7603-A474-4889-A7C6-87150235B444}.Debug|x86.Build.0 = Debug|Win32
		{99BB7603-A474-4889-A7C6-87150235B444}.Release|x64.ActiveCfg = Release|x64
		{99BB7603-A474-4889-A7C6-87150235B444}.Release|x64.Build.0 = Release|x64
		{99BB7603-A474-4889-A7C6-87150235B444}.Release|x86.ActiveCfg = Release|Win32
		{99BB7603-A474-4889-A7C6-87150235B444}.Release|x86.Build.0 = Release|Win32
		{D96999C2-3274-497C-A8C7-481F354C6FB4}.Debug|x64.ActiveCfg = Debug|x64
		{D96999C2-3274-497C-A8C7-481F354C6FB4}.Debug|x64.Build.0 = Debug|x64
		{D96999C2-3274-497C-A8C7-481F354C6FB4}.Debug|x86.ActiveCfg = Debug|Win32
		{D96999C2-3274-497C-A8C7-481F354C6FB4}.Debug|x86.Build.0 = Debug|Win32
		{D96999C2-3274-497C-A8C7-481F354C6FB4}.Release|x64.ActiveCfg = Release|x64
		{D96999C2-3274-497C-A8C7-481F354C6FB4}.Release|x64.Build.0 = Release|x64
		{D96999C2-3274-497C-A8C7-481F354C6FB4}.Release|x86.ActiveCfg = Release|Win32
		{D96999C2-3274-497C-A8C7-481F354C6FB4}.Release|x86.Build.0 = Release|Win32
		{292F9048-96F8-45C1-B50B-26CBBB1D8EEA}.Debug|x64.ActiveCfg = Debug|x64
		{292F9048-96F8-45C1-B50B-26CBBB1D8EEA}.Debug|x64.Build.0 = Debug|x64
		{292F9048-96F8-45C1-B50B-26CBBB1D8EEA}.Debug|x86.ActiveCfg = Debug|Win32
		{292F9048-96F8-45C1-B50B-26CBBB1D8EEA}.Debug|x86.Build.0 = Debug|Win32
		{292F9048-96F8-45C1-B50B-26CBBB1D8EEA}.Release|x64.ActiveCfg = Release|x64
		{292F9048-96F8-45C1-B50B-26CBBB1D8EEA}.Release|x64.Build.0 = Release|x64
		{292F9048-96F8-45C1-B50B-26CBBB1D8EEA}.Release|x86.ActiveCfg = Release|Win32
		{292F9048-96F8-45C1-B50B-26CBBB1D8EEA}.Release|x86.Build.0 = Release|Win32
		{BBA0AD9F-9114-474D-B798-05881AB81D79}.Debug|x64.ActiveCfg = Debug|x64
		{BBA0AD9F-9114-474D-B798-05881AB81D79}.Debug|x64.Build.0 = Debug|x64
		{BBA0AD9F-9114-474D-B798-05881AB81D79}.Debug|x86.ActiveCfg = Debug|Win32
		{BBA0AD9F-9114-474D-B798-05881AB81D79}.Debug|x86.Build.0 = Debug|Win32
		{BBA0AD9F-9114-474D-B798-05881AB81D79}.Release|x64.ActiveCfg = Release|x64
		{BBA0AD9F-9114-474D-B798-05881AB81D79}.Release|x64.Build.0 = Release|x64
		{BBA0AD9F-9114-474D-B798-05881AB81D79}.Release|x86.ActiveCfg = Release|Win32
		{BBA0AD9F-9114-474D-B798-05881AB81D79}.Release|x86.Build.0 = Release|Win32
		{CD3A1DF6-D6B8-45E3-AD4E-F8F77C7BF1D0}.Debug|x64.ActiveCfg = Debug|x64
		{CD3A1DF6-D6B8-45E3-AD4E-F8F77C7BF1D0}.Debug|x64.Build.0 = Debug|x64
		{CD3A1DF6-D6B8-45E3-AD4E-F8F77C7BF1D0}.Debug|x86.ActiveCfg = Debug|Win32
		{CD3A1DF6-D6B8-45E3-AD4E-F8F77C7BF1D0}.Debug|x86.Build.0 = Debug|Win32
		{CD3A1DF6-D6B8-45E3-AD4E-F8F77C7BF1D0}.Release|x64.ActiveCfg = Release|x64
		{CD3A1DF6-D6B8-45E3-AD4E-F8F77C7BF1D0}.Release|x64.Build.0 = Release|x64
		{CD3A1DF6-D6B8-45E3-AD4E-F8F77C7BF1D0}.Release|x86.ActiveCfg = Release|Win32
		{CD3A1DF6-D6B8-45E3-AD4E-F8F77C7BF1D0}.Release|x86.Build.0 = Release|Win32
	EndGlobalSection
	GlobalSection(SolutionProperties) = preSolution
		HideSolutionNode = FALSE
	EndGlobalSection
	GlobalSection(ExtensibilityGlobals) = postSolution
		SolutionGuid = {78B098F0-188B-406E-BA15-8FD833A256CF}
	EndGlobalSection
EndGlobal
